
Microsoft Visual Studio Solution File, Format Version 12.00
# Visual Studio Version 16
VisualStudioVersion = 16.0.31229.75
MinimumVisualStudioVersion = 10.0.40219.1
Project("{8BC9CEB8-8B4A-11D0-8D11-00A0C91BC942}") = "control_structures", "control_structures\control_structures.vcxproj", "{7B7C02A3-866C-473E-9DC1-9D8A5E8F24E2}"
EndProject
Project("{8BC9CEB8-8B4A-11D0-8D11-00A0C91BC942}") = "Polindrom", "Polindrom\Polindrom.vcxproj", "{EE58E2EB-5BAC-497B-8F62-59A6BB98DB9C}"
EndProject
Project("{8BC9CEB8-8B4A-11D0-8D11-00A0C91BC942}") = "Dz_SHOOTER", "Dz_SHOOTER\Dz_SHOOTER.vcxproj", "{1026407E-4B98-490F-B863-4B8695D8F8E9}"
EndProject
Project("{8BC9CEB8-8B4A-11D0-8D11-00A0C91BC942}") = "FOR_LOOP", "FOR_LOOP\FOR_LOOP.vcxproj", "{8A55DF4E-E289-4C48-8215-67132F79D37C}"
EndProject
Project("{8BC9CEB8-8B4A-11D0-8D11-00A0C91BC942}") = "NestedFOR", "NestedFOR\NestedFOR.vcxproj", "{5FB09F00-9245-4964-B8CA-A131EB9CD9F2}"
EndProject
Project("{8BC9CEB8-8B4A-11D0-8D11-00A0C91BC942}") = "Chess1", "Chess1\Chess1.vcxproj", "{F1E5BFA8-6CC1-4F0E-B707-E358A6360E01}"
EndProject
Project("{8BC9CEB8-8B4A-11D0-8D11-00A0C91BC942}") = "Chess2", "Chess2\Chess2.vcxproj", "{DD8176CB-0A9E-406E-B111-5FCE51242D1A}"
EndProject
Project("{8BC9CEB8-8B4A-11D0-8D11-00A0C91BC942}") = "Arrays", "Arrays\Arrays.vcxproj", "{A43A12FE-C9EA-46D7-A628-4990F6EBA29C}"
EndProject
Project("{8BC9CEB8-8B4A-11D0-8D11-00A0C91BC942}") = "Shift", "Shift\Shift.vcxproj", "{9EFC4315-083D-4378-BA31-604ADFD8D8EE}"
EndProject
Project("{8BC9CEB8-8B4A-11D0-8D11-00A0C91BC942}") = "RANDOM_ARRAY", "RANDOM_ARRAY\RANDOM_ARRAY.vcxproj", "{BC5CCA58-1FB2-4D5A-B5BE-FF7FF1028C35}"
EndProject
Project("{8BC9CEB8-8B4A-11D0-8D11-00A0C91BC942}") = "Numerics", "Numerics\Numerics.vcxproj", "{C9A8C6E1-C84B-4537-A1D6-A9FA2FDA5A5B}"
EndProject
Project("{8BC9CEB8-8B4A-11D0-8D11-00A0C91BC942}") = "Arrays2D", "dvurArray\dvurArray.vcxproj", "{62F53DC2-B35D-43CA-85EA-BDAE6843C38D}"
EndProject
Project("{8BC9CEB8-8B4A-11D0-8D11-00A0C91BC942}") = "UniqueRandom", "UniqueRandom\UniqueRandom.vcxproj", "{40ADA3F8-0620-4889-8CDF-5244FB6F474E}"
EndProject
Project("{8BC9CEB8-8B4A-11D0-8D11-00A0C91BC942}") = "Search", "Search\Search.vcxproj", "{170AE9B6-8C2C-4F1D-A133-C38E81549D45}"
EndProject
Project("{8BC9CEB8-8B4A-11D0-8D11-00A0C91BC942}") = "UniqueRandome2d", "UniqueRandome2d\UniqueRandome2d.vcxproj", "{58076839-D9BE-4A78-9143-6FEA0542F44D}"
EndProject
Project("{8BC9CEB8-8B4A-11D0-8D11-00A0C91BC942}") = "Search2d", "Search2d\Search2d.vcxproj", "{D86227E1-FB76-49A7-8778-B1EF19118511}"
EndProject
Global
	GlobalSection(SolutionConfigurationPlatforms) = preSolution
		Debug|x64 = Debug|x64
		Debug|x86 = Debug|x86
		Release|x64 = Release|x64
		Release|x86 = Release|x86
	EndGlobalSection
	GlobalSection(ProjectConfigurationPlatforms) = postSolution
		{7B7C02A3-866C-473E-9DC1-9D8A5E8F24E2}.Debug|x64.ActiveCfg = Debug|x64
		{7B7C02A3-866C-473E-9DC1-9D8A5E8F24E2}.Debug|x64.Build.0 = Debug|x64
		{7B7C02A3-866C-473E-9DC1-9D8A5E8F24E2}.Debug|x86.ActiveCfg = Debug|Win32
		{7B7C02A3-866C-473E-9DC1-9D8A5E8F24E2}.Debug|x86.Build.0 = Debug|Win32
		{7B7C02A3-866C-473E-9DC1-9D8A5E8F24E2}.Release|x64.ActiveCfg = Release|x64
		{7B7C02A3-866C-473E-9DC1-9D8A5E8F24E2}.Release|x64.Build.0 = Release|x64
		{7B7C02A3-866C-473E-9DC1-9D8A5E8F24E2}.Release|x86.ActiveCfg = Release|Win32
		{7B7C02A3-866C-473E-9DC1-9D8A5E8F24E2}.Release|x86.Build.0 = Release|Win32
		{EE58E2EB-5BAC-497B-8F62-59A6BB98DB9C}.Debug|x64.ActiveCfg = Debug|x64
		{EE58E2EB-5BAC-497B-8F62-59A6BB98DB9C}.Debug|x64.Build.0 = Debug|x64
		{EE58E2EB-5BAC-497B-8F62-59A6BB98DB9C}.Debug|x86.ActiveCfg = Debug|Win32
		{EE58E2EB-5BAC-497B-8F62-59A6BB98DB9C}.Debug|x86.Build.0 = Debug|Win32
		{EE58E2EB-5BAC-497B-8F62-59A6BB98DB9C}.Release|x64.ActiveCfg = Release|x64
		{EE58E2EB-5BAC-497B-8F62-59A6BB98DB9C}.Release|x64.Build.0 = Release|x64
		{EE58E2EB-5BAC-497B-8F62-59A6BB98DB9C}.Release|x86.ActiveCfg = Release|Win32
		{EE58E2EB-5BAC-497B-8F62-59A6BB98DB9C}.Release|x86.Build.0 = Release|Win32
		{1026407E-4B98-490F-B863-4B8695D8F8E9}.Debug|x64.ActiveCfg = Debug|x64
		{1026407E-4B98-490F-B863-4B8695D8F8E9}.Debug|x64.Build.0 = Debug|x64
		{1026407E-4B98-490F-B863-4B8695D8F8E9}.Debug|x86.ActiveCfg = Debug|Win32
		{1026407E-4B98-490F-B863-4B8695D8F8E9}.Debug|x86.Build.0 = Debug|Win32
		{1026407E-4B98-490F-B863-4B8695D8F8E9}.Release|x64.ActiveCfg = Release|x64
		{1026407E-4B98-490F-B863-4B8695D8F8E9}.Release|x64.Build.0 = Release|x64
		{1026407E-4B98-490F-B863-4B8695D8F8E9}.Release|x86.ActiveCfg = Release|Win32
		{1026407E-4B98-490F-B863-4B8695D8F8E9}.Release|x86.Build.0 = Release|Win32
		{8A55DF4E-E289-4C48-8215-67132F79D37C}.Debug|x64.ActiveCfg = Debug|x64
		{8A55DF4E-E289-4C48-8215-67132F79D37C}.Debug|x64.Build.0 = Debug|x64
		{8A55DF4E-E289-4C48-8215-67132F79D37C}.Debug|x86.ActiveCfg = Debug|Win32
		{8A55DF4E-E289-4C48-8215-67132F79D37C}.Debug|x86.Build.0 = Debug|Win32
		{8A55DF4E-E289-4C48-8215-67132F79D37C}.Release|x64.ActiveCfg = Release|x64
		{8A55DF4E-E289-4C48-8215-67132F79D37C}.Release|x64.Build.0 = Release|x64
		{8A55DF4E-E289-4C48-8215-67132F79D37C}.Release|x86.ActiveCfg = Release|Win32
		{8A55DF4E-E289-4C48-8215-67132F79D37C}.Release|x86.Build.0 = Release|Win32
		{5FB09F00-9245-4964-B8CA-A131EB9CD9F2}.Debug|x64.ActiveCfg = Debug|x64
		{5FB09F00-9245-4964-B8CA-A131EB9CD9F2}.Debug|x64.Build.0 = Debug|x64
		{5FB09F00-9245-4964-B8CA-A131EB9CD9F2}.Debug|x86.ActiveCfg = Debug|Win32
		{5FB09F00-9245-4964-B8CA-A131EB9CD9F2}.Debug|x86.Build.0 = Debug|Win32
		{5FB09F00-9245-4964-B8CA-A131EB9CD9F2}.Release|x64.ActiveCfg = Release|x64
		{5FB09F00-9245-4964-B8CA-A131EB9CD9F2}.Release|x64.Build.0 = Release|x64
		{5FB09F00-9245-4964-B8CA-A131EB9CD9F2}.Release|x86.ActiveCfg = Release|Win32
		{5FB09F00-9245-4964-B8CA-A131EB9CD9F2}.Release|x86.Build.0 = Release|Win32
		{F1E5BFA8-6CC1-4F0E-B707-E358A6360E01}.Debug|x64.ActiveCfg = Debug|x64
		{F1E5BFA8-6CC1-4F0E-B707-E358A6360E01}.Debug|x64.Build.0 = Debug|x64
		{F1E5BFA8-6CC1-4F0E-B707-E358A6360E01}.Debug|x86.ActiveCfg = Debug|Win32
		{F1E5BFA8-6CC1-4F0E-B707-E358A6360E01}.Debug|x86.Build.0 = Debug|Win32
		{F1E5BFA8-6CC1-4F0E-B707-E358A6360E01}.Release|x64.ActiveCfg = Release|x64
		{F1E5BFA8-6CC1-4F0E-B707-E358A6360E01}.Release|x64.Build.0 = Release|x64
		{F1E5BFA8-6CC1-4F0E-B707-E358A6360E01}.Release|x86.ActiveCfg = Release|Win32
		{F1E5BFA8-6CC1-4F0E-B707-E358A6360E01}.Release|x86.Build.0 = Release|Win32
		{DD8176CB-0A9E-406E-B111-5FCE51242D1A}.Debug|x64.ActiveCfg = Debug|x64
		{DD8176CB-0A9E-406E-B111-5FCE51242D1A}.Debug|x64.Build.0 = Debug|x64
		{DD8176CB-0A9E-406E-B111-5FCE51242D1A}.Debug|x86.ActiveCfg = Debug|Win32
		{DD8176CB-0A9E-406E-B111-5FCE51242D1A}.Debug|x86.Build.0 = Debug|Win32
		{DD8176CB-0A9E-406E-B111-5FCE51242D1A}.Release|x64.ActiveCfg = Release|x64
		{DD8176CB-0A9E-406E-B111-5FCE51242D1A}.Release|x64.Build.0 = Release|x64
		{DD8176CB-0A9E-406E-B111-5FCE51242D1A}.Release|x86.ActiveCfg = Release|Win32
		{DD8176CB-0A9E-406E-B111-5FCE51242D1A}.Release|x86.Build.0 = Release|Win32
		{A43A12FE-C9EA-46D7-A628-4990F6EBA29C}.Debug|x64.ActiveCfg = Debug|x64
		{A43A12FE-C9EA-46D7-A628-4990F6EBA29C}.Debug|x64.Build.0 = Debug|x64
		{A43A12FE-C9EA-46D7-A628-4990F6EBA29C}.Debug|x86.ActiveCfg = Debug|Win32
		{A43A12FE-C9EA-46D7-A628-4990F6EBA29C}.Debug|x86.Build.0 = Debug|Win32
		{A43A12FE-C9EA-46D7-A628-4990F6EBA29C}.Release|x64.ActiveCfg = Release|x64
		{A43A12FE-C9EA-46D7-A628-4990F6EBA29C}.Release|x64.Build.0 = Release|x64
		{A43A12FE-C9EA-46D7-A628-4990F6EBA29C}.Release|x86.ActiveCfg = Release|Win32
		{A43A12FE-C9EA-46D7-A628-4990F6EBA29C}.Release|x86.Build.0 = Release|Win32
		{9EFC4315-083D-4378-BA31-604ADFD8D8EE}.Debug|x64.ActiveCfg = Debug|x64
		{9EFC4315-083D-4378-BA31-604ADFD8D8EE}.Debug|x64.Build.0 = Debug|x64
		{9EFC4315-083D-4378-BA31-604ADFD8D8EE}.Debug|x86.ActiveCfg = Debug|Win32
		{9EFC4315-083D-4378-BA31-604ADFD8D8EE}.Debug|x86.Build.0 = Debug|Win32
		{9EFC4315-083D-4378-BA31-604ADFD8D8EE}.Release|x64.ActiveCfg = Release|x64
		{9EFC4315-083D-4378-BA31-604ADFD8D8EE}.Release|x64.Build.0 = Release|x64
		{9EFC4315-083D-4378-BA31-604ADFD8D8EE}.Release|x86.ActiveCfg = Release|Win32
		{9EFC4315-083D-4378-BA31-604ADFD8D8EE}.Release|x86.Build.0 = Release|Win32
		{BC5CCA58-1FB2-4D5A-B5BE-FF7FF1028C35}.Debug|x64.ActiveCfg = Debug|x64
		{BC5CCA58-1FB2-4D5A-B5BE-FF7FF1028C35}.Debug|x64.Build.0 = Debug|x64
		{BC5CCA58-1FB2-4D5A-B5BE-FF7FF1028C35}.Debug|x86.ActiveCfg = Debug|Win32
		{BC5CCA58-1FB2-4D5A-B5BE-FF7FF1028C35}.Debug|x86.Build.0 = Debug|Win32
		{BC5CCA58-1FB2-4D5A-B5BE-FF7FF1028C35}.Release|x64.ActiveCfg = Release|x64
		{BC5CCA58-1FB2-4D5A-B5BE-FF7FF1028C35}.Release|x64.Build.0 = Release|x64
		{BC5CCA58-1FB2-4D5A-B5BE-FF7FF1028C35}.Release|x86.ActiveCfg = Release|Win32
		{BC5CCA58-1FB2-4D5A-B5BE-FF7FF1028C35}.Release|x86.Build.0 = Release|Win32
		{C9A8C6E1-C84B-4537-A1D6-A9FA2FDA5A5B}.Debug|x64.ActiveCfg = Debug|x64
		{C9A8C6E1-C84B-4537-A1D6-A9FA2FDA5A5B}.Debug|x64.Build.0 = Debug|x64
		{C9A8C6E1-C84B-4537-A1D6-A9FA2FDA5A5B}.Debug|x86.ActiveCfg = Debug|Win32
		{C9A8C6E1-C84B-4537-A1D6-A9FA2FDA5A5B}.Debug|x86.Build.0 = Debug|Win32
		{C9A8C6E1-C84B-4537-A1D6-A9FA2FDA5A5B}.Release|x64.ActiveCfg = Release|x64
		{C9A8C6E1-C84B-4537-A1D6-A9FA2FDA5A5B}.Release|x64.Build.0 = Release|x64
		{C9A8C6E1-C84B-4537-A1D6-A9FA2FDA5A5B}.Release|x86.ActiveCfg = Release|Win32
		{C9A8C6E1-C84B-4537-A1D6-A9FA2FDA5A5B}.Release|x86.Build.0 = Release|Win32
		{62F53DC2-B35D-43CA-85EA-BDAE6843C38D}.Debug|x64.ActiveCfg = Debug|x64
		{62F53DC2-B35D-43CA-85EA-BDAE6843C38D}.Debug|x64.Build.0 = Debug|x64
		{62F53DC2-B35D-43CA-85EA-BDAE6843C38D}.Debug|x86.ActiveCfg = Debug|Win32
		{62F53DC2-B35D-43CA-85EA-BDAE6843C38D}.Debug|x86.Build.0 = Debug|Win32
		{62F53DC2-B35D-43CA-85EA-BDAE6843C38D}.Release|x64.ActiveCfg = Release|x64
		{62F53DC2-B35D-43CA-85EA-BDAE6843C38D}.Release|x64.Build.0 = Release|x64
		{62F53DC2-B35D-43CA-85EA-BDAE6843C38D}.Release|x86.ActiveCfg = Release|Win32
		{62F53DC2-B35D-43CA-85EA-BDAE6843C38D}.Release|x86.Build.0 = Release|Win32
		{40ADA3F8-0620-4889-8CDF-5244FB6F474E}.Debug|x64.ActiveCfg = Debug|x64
		{40ADA3F8-0620-4889-8CDF-5244FB6F474E}.Debug|x64.Build.0 = Debug|x64
		{40ADA3F8-0620-4889-8CDF-5244FB6F474E}.Debug|x86.ActiveCfg = Debug|Win32
		{40ADA3F8-0620-4889-8CDF-5244FB6F474E}.Debug|x86.Build.0 = Debug|Win32
		{40ADA3F8-0620-4889-8CDF-5244FB6F474E}.Release|x64.ActiveCfg = Release|x64
		{40ADA3F8-0620-4889-8CDF-5244FB6F474E}.Release|x64.Build.0 = Release|x64
		{40ADA3F8-0620-4889-8CDF-5244FB6F474E}.Release|x86.ActiveCfg = Release|Win32
		{40ADA3F8-0620-4889-8CDF-5244FB6F474E}.Release|x86.Build.0 = Release|Win32
		{170AE9B6-8C2C-4F1D-A133-C38E81549D45}.Debug|x64.ActiveCfg = Debug|x64
		{170AE9B6-8C2C-4F1D-A133-C38E81549D45}.Debug|x64.Build.0 = Debug|x64
		{170AE9B6-8C2C-4F1D-A133-C38E81549D45}.Debug|x86.ActiveCfg = Debug|Win32
		{170AE9B6-8C2C-4F1D-A133-C38E81549D45}.Debug|x86.Build.0 = Debug|Win32
		{170AE9B6-8C2C-4F1D-A133-C38E81549D45}.Release|x64.ActiveCfg = Release|x64
		{170AE9B6-8C2C-4F1D-A133-C38E81549D45}.Release|x64.Build.0 = Release|x64
		{170AE9B6-8C2C-4F1D-A133-C38E81549D45}.Release|x86.ActiveCfg = Release|Win32
		{170AE9B6-8C2C-4F1D-A133-C38E81549D45}.Release|x86.Build.0 = Release|Win32
		{58076839-D9BE-4A78-9143-6FEA0542F44D}.Debug|x64.ActiveCfg = Debug|x64
		{58076839-D9BE-4A78-9143-6FEA0542F44D}.Debug|x64.Build.0 = Debug|x64
		{58076839-D9BE-4A78-9143-6FEA0542F44D}.Debug|x86.ActiveCfg = Debug|Win32
		{58076839-D9BE-4A78-9143-6FEA0542F44D}.Debug|x86.Build.0 = Debug|Win32
		{58076839-D9BE-4A78-9143-6FEA0542F44D}.Release|x64.ActiveCfg = Release|x64
		{58076839-D9BE-4A78-9143-6FEA0542F44D}.Release|x64.Build.0 = Release|x64
		{58076839-D9BE-4A78-9143-6FEA0542F44D}.Release|x86.ActiveCfg = Release|Win32
		{58076839-D9BE-4A78-9143-6FEA0542F44D}.Release|x86.Build.0 = Release|Win32
		{D86227E1-FB76-49A7-8778-B1EF19118511}.Debug|x64.ActiveCfg = Debug|x64
		{D86227E1-FB76-49A7-8778-B1EF19118511}.Debug|x64.Build.0 = Debug|x64
		{D86227E1-FB76-49A7-8778-B1EF19118511}.Debug|x86.ActiveCfg = Debug|Win32
		{D86227E1-FB76-49A7-8778-B1EF19118511}.Debug|x86.Build.0 = Debug|Win32
		{D86227E1-FB76-49A7-8778-B1EF19118511}.Release|x64.ActiveCfg = Release|x64
		{D86227E1-FB76-49A7-8778-B1EF19118511}.Release|x64.Build.0 = Release|x64
		{D86227E1-FB76-49A7-8778-B1EF19118511}.Release|x86.ActiveCfg = Release|Win32
		{D86227E1-FB76-49A7-8778-B1EF19118511}.Release|x86.Build.0 = Release|Win32
	EndGlobalSection
	GlobalSection(SolutionProperties) = preSolution
		HideSolutionNode = FALSE
	EndGlobalSection
	GlobalSection(ExtensibilityGlobals) = postSolution
		SolutionGuid = {FD254821-7021-4DAB-B94E-673A8BA9D1AB}
	EndGlobalSection
EndGlobal
